
Microsoft Visual Studio Solution File, Format Version 12.00
# Visual Studio Version 17
VisualStudioVersion = 17.6.33606.364
MinimumVisualStudioVersion = 10.0.40219.1
Project("{2150E333-8FDC-42A3-9474-1A3956D46DE8}") = "src", "src", "{E88A3EF7-BCF2-4495-BA89-B12FFBD6F2FD}"
EndProject
Project("{9A19103F-16F7-4668-BE54-9A1E7A4F7556}") = "EasyCaching.BaseTest", "src\EasyCaching.BaseTest\EasyCaching.BaseTest.csproj", "{0B59F525-6E56-47D8-9671-7490D0109532}"
EndProject
Global
	GlobalSection(SolutionConfigurationPlatforms) = preSolution
		Debug|Any CPU = Debug|Any CPU
		Release|Any CPU = Release|Any CPU
	EndGlobalSection
	GlobalSection(ProjectConfigurationPlatforms) = postSolution
		{0B59F525-6E56-47D8-9671-7490D0109532}.Debug|Any CPU.ActiveCfg = Debug|Any CPU
		{0B59F525-6E56-47D8-9671-7490D0109532}.Debug|Any CPU.Build.0 = Debug|Any CPU
		{0B59F525-6E56-47D8-9671-7490D0109532}.Release|Any CPU.ActiveCfg = Release|Any CPU
		{0B59F525-6E56-47D8-9671-7490D0109532}.Release|Any CPU.Build.0 = Release|Any CPU
	EndGlobalSection
	GlobalSection(SolutionProperties) = preSolution
		HideSolutionNode = FALSE
	EndGlobalSection
	GlobalSection(NestedProjects) = preSolution
		{0B59F525-6E56-47D8-9671-7490D0109532} = {E88A3EF7-BCF2-4495-BA89-B12FFBD6F2FD}
	EndGlobalSection
	GlobalSection(ExtensibilityGlobals) = postSolution
		SolutionGuid = {F6F3C9EB-FBF2-4BC6-9B5F-8F9FE4AC6DB2}
	EndGlobalSection
EndGlobal
